
Microsoft Visual Studio Solution File, Format Version 12.00
# Visual Studio Version 17
VisualStudioVersion = 17.6.33829.357
MinimumVisualStudioVersion = 10.0.40219.1
Project("{9A19103F-16F7-4668-BE54-9A1E7A4F7556}") = "Webshop", "Webshop\Webshop.csproj", "{63B03C6B-EB33-4C9C-86FB-8C216C40B24F}"
EndProject
Project("{9A19103F-16F7-4668-BE54-9A1E7A4F7556}") = "Webshop.DAL", "Webshop.DAL\Webshop.DAL.csproj", "{19FC7471-FF3C-42D7-B72E-05021AC9BE20}"
EndProject
Project("{9A19103F-16F7-4668-BE54-9A1E7A4F7556}") = "Webshop.BLL", "Webshop.BLL\Webshop.BLL.csproj", "{6AAD8C22-1206-48C8-8AE1-ED53C7E10131}"
EndProject
Project("{9A19103F-16F7-4668-BE54-9A1E7A4F7556}") = "UnitTestBLL", "UnitTestBLL\UnitTestBLL.csproj", "{17565C3F-1C74-45C6-B385-00231CF3679B}"
EndProject
Global
	GlobalSection(SolutionConfigurationPlatforms) = preSolution
		Debug|Any CPU = Debug|Any CPU
		Release|Any CPU = Release|Any CPU
	EndGlobalSection
	GlobalSection(ProjectConfigurationPlatforms) = postSolution
		{63B03C6B-EB33-4C9C-86FB-8C216C40B24F}.Debug|Any CPU.ActiveCfg = Debug|Any CPU
		{63B03C6B-EB33-4C9C-86FB-8C216C40B24F}.Debug|Any CPU.Build.0 = Debug|Any CPU
		{63B03C6B-EB33-4C9C-86FB-8C216C40B24F}.Release|Any CPU.ActiveCfg = Release|Any CPU
		{63B03C6B-EB33-4C9C-86FB-8C216C40B24F}.Release|Any CPU.Build.0 = Release|Any CPU
		{19FC7471-FF3C-42D7-B72E-05021AC9BE20}.Debug|Any CPU.ActiveCfg = Debug|Any CPU
		{19FC7471-FF3C-42D7-B72E-05021AC9BE20}.Debug|Any CPU.Build.0 = Debug|Any CPU
		{19FC7471-FF3C-42D7-B72E-05021AC9BE20}.Release|Any CPU.ActiveCfg = Release|Any CPU
		{19FC7471-FF3C-42D7-B72E-05021AC9BE20}.Release|Any CPU.Build.0 = Release|Any CPU
		{6AAD8C22-1206-48C8-8AE1-ED53C7E10131}.Debug|Any CPU.ActiveCfg = Debug|Any CPU
		{6AAD8C22-1206-48C8-8AE1-ED53C7E10131}.Debug|Any CPU.Build.0 = Debug|Any CPU
		{6AAD8C22-1206-48C8-8AE1-ED53C7E10131}.Release|Any CPU.ActiveCfg = Release|Any CPU
		{6AAD8C22-1206-48C8-8AE1-ED53C7E10131}.Release|Any CPU.Build.0 = Release|Any CPU
		{17565C3F-1C74-45C6-B385-00231CF3679B}.Debug|Any CPU.ActiveCfg = Debug|Any CPU
		{17565C3F-1C74-45C6-B385-00231CF3679B}.Debug|Any CPU.Build.0 = Debug|Any CPU
		{17565C3F-1C74-45C6-B385-00231CF3679B}.Release|Any CPU.ActiveCfg = Release|Any CPU
		{17565C3F-1C74-45C6-B385-00231CF3679B}.Release|Any CPU.Build.0 = Release|Any CPU
	EndGlobalSection
	GlobalSection(SolutionProperties) = preSolution
		HideSolutionNode = FALSE
	EndGlobalSection
	GlobalSection(ExtensibilityGlobals) = postSolution
		SolutionGuid = {36D597D6-265C-4DB5-980B-D5B073A189EA}
	EndGlobalSection
EndGlobal
